
Microsoft Visual Studio Solution File, Format Version 12.00
# Visual Studio Version 17
VisualStudioVersion = 17.12.35707.178
MinimumVisualStudioVersion = 10.0.40219.1
Project("{2150E333-8FDC-42A3-9474-1A3956D46DE8}") = "src", "src", "{BC936FA7-E548-4571-8645-CBD6009A025F}"
EndProject
Project("{2150E333-8FDC-42A3-9474-1A3956D46DE8}") = "CargoPay.API", "CargoPay.API", "{1C394038-5839-4F20-8691-75F5AD674165}"
EndProject
Project("{2150E333-8FDC-42A3-9474-1A3956D46DE8}") = "CargoPay.Domain", "CargoPay.Domain", "{EA33A99B-68C8-4F95-81C8-20E950E85C26}"
EndProject
Project("{2150E333-8FDC-42A3-9474-1A3956D46DE8}") = "CargoPay.Application", "CargoPay.Application", "{49D47063-750B-42EB-9254-FE968B2EF803}"
EndProject
Project("{2150E333-8FDC-42A3-9474-1A3956D46DE8}") = "CargoPay.Infrastructure", "CargoPay.Infrastructure", "{C09C9727-8FB9-4B77-B809-354ABACBB6AC}"
EndProject
Project("{2150E333-8FDC-42A3-9474-1A3956D46DE8}") = "CargoPay.Common", "CargoPay.Common", "{6D2A6079-AFC4-456E-B81E-FD432F79C681}"
EndProject
Project("{FAE04EC0-301F-11D3-BF4B-00C04F79EFBC}") = "CargoPay.Application", "CargoPay.Application\CargoPay.Application.csproj", "{07625B1E-FDEE-445E-BA05-1CCFD857B5AB}"
EndProject
Project("{FAE04EC0-301F-11D3-BF4B-00C04F79EFBC}") = "CargoPay.Common", "CargoPay.Common\CargoPay.Common.csproj", "{BE17A6BC-50FE-4A05-8B0D-30425A0F0224}"
EndProject
Project("{FAE04EC0-301F-11D3-BF4B-00C04F79EFBC}") = "CargoPay.Domain", "CargoPay.Domain\CargoPay.Domain.csproj", "{29F80EB9-64DD-4C4B-8E97-AB4220B94643}"
EndProject
Project("{FAE04EC0-301F-11D3-BF4B-00C04F79EFBC}") = "CargoPay.Infrastructure", "CargoPay.Infrastructure\CargoPay.Infrastructure.csproj", "{55F484C7-4B4A-437E-92B3-3DCE5FC28C04}"
EndProject
Project("{FAE04EC0-301F-11D3-BF4B-00C04F79EFBC}") = "CargoPay.Presentation", "CargoPay.Presentation\CargoPay.Presentation.csproj", "{9DD56684-1227-4855-B8F0-140927D142E1}"
EndProject
Project("{FAE04EC0-301F-11D3-BF4B-00C04F79EFBC}") = "CargoPay.Infrastructure.Abstractions", "CargoPay.Infrastructure.Abstractions\CargoPay.Infrastructure.Abstractions.csproj", "{7E30397A-AC50-4A9C-B128-DC401B9E45AA}"
EndProject
Project("{FAE04EC0-301F-11D3-BF4B-00C04F79EFBC}") = "CargoPay.Contracts", "CargoPay.Contracts\CargoPay.Contracts.csproj", "{1B713230-389F-4E1D-AEE7-3ECDED21B90A}"
EndProject
Project("{2150E333-8FDC-42A3-9474-1A3956D46DE8}") = "CargoPay.Contracts", "CargoPay.Contracts", "{02EA681E-C7D8-13C7-8484-4AC65E1B71E8}"
EndProject
Project("{2150E333-8FDC-42A3-9474-1A3956D46DE8}") = "CargoPay.Infrastructure.Abstractions", "CargoPay.Infrastructure.Abstractions", "{2C6264F1-19E1-4136-A157-368339EDEF34}"
EndProject
Global
	GlobalSection(SolutionConfigurationPlatforms) = preSolution
		Debug|Any CPU = Debug|Any CPU
		Debug|x64 = Debug|x64
		Debug|x86 = Debug|x86
		Release|Any CPU = Release|Any CPU
		Release|x64 = Release|x64
		Release|x86 = Release|x86
	EndGlobalSection
	GlobalSection(ProjectConfigurationPlatforms) = postSolution
		{07625B1E-FDEE-445E-BA05-1CCFD857B5AB}.Debug|Any CPU.ActiveCfg = Debug|Any CPU
		{07625B1E-FDEE-445E-BA05-1CCFD857B5AB}.Debug|Any CPU.Build.0 = Debug|Any CPU
		{07625B1E-FDEE-445E-BA05-1CCFD857B5AB}.Debug|x64.ActiveCfg = Debug|Any CPU
		{07625B1E-FDEE-445E-BA05-1CCFD857B5AB}.Debug|x64.Build.0 = Debug|Any CPU
		{07625B1E-FDEE-445E-BA05-1CCFD857B5AB}.Debug|x86.ActiveCfg = Debug|Any CPU
		{07625B1E-FDEE-445E-BA05-1CCFD857B5AB}.Debug|x86.Build.0 = Debug|Any CPU
		{07625B1E-FDEE-445E-BA05-1CCFD857B5AB}.Release|Any CPU.ActiveCfg = Release|Any CPU
		{07625B1E-FDEE-445E-BA05-1CCFD857B5AB}.Release|Any CPU.Build.0 = Release|Any CPU
		{07625B1E-FDEE-445E-BA05-1CCFD857B5AB}.Release|x64.ActiveCfg = Release|Any CPU
		{07625B1E-FDEE-445E-BA05-1CCFD857B5AB}.Release|x64.Build.0 = Release|Any CPU
		{07625B1E-FDEE-445E-BA05-1CCFD857B5AB}.Release|x86.ActiveCfg = Release|Any CPU
		{07625B1E-FDEE-445E-BA05-1CCFD857B5AB}.Release|x86.Build.0 = Release|Any CPU
		{BE17A6BC-50FE-4A05-8B0D-30425A0F0224}.Debug|Any CPU.ActiveCfg = Debug|Any CPU
		{BE17A6BC-50FE-4A05-8B0D-30425A0F0224}.Debug|Any CPU.Build.0 = Debug|Any CPU
		{BE17A6BC-50FE-4A05-8B0D-30425A0F0224}.Debug|x64.ActiveCfg = Debug|Any CPU
		{BE17A6BC-50FE-4A05-8B0D-30425A0F0224}.Debug|x64.Build.0 = Debug|Any CPU
		{BE17A6BC-50FE-4A05-8B0D-30425A0F0224}.Debug|x86.ActiveCfg = Debug|Any CPU
		{BE17A6BC-50FE-4A05-8B0D-30425A0F0224}.Debug|x86.Build.0 = Debug|Any CPU
		{BE17A6BC-50FE-4A05-8B0D-30425A0F0224}.Release|Any CPU.ActiveCfg = Release|Any CPU
		{BE17A6BC-50FE-4A05-8B0D-30425A0F0224}.Release|Any CPU.Build.0 = Release|Any CPU
		{BE17A6BC-50FE-4A05-8B0D-30425A0F0224}.Release|x64.ActiveCfg = Release|Any CPU
		{BE17A6BC-50FE-4A05-8B0D-30425A0F0224}.Release|x64.Build.0 = Release|Any CPU
		{BE17A6BC-50FE-4A05-8B0D-30425A0F0224}.Release|x86.ActiveCfg = Release|Any CPU
		{BE17A6BC-50FE-4A05-8B0D-30425A0F0224}.Release|x86.Build.0 = Release|Any CPU
		{29F80EB9-64DD-4C4B-8E97-AB4220B94643}.Debug|Any CPU.ActiveCfg = Debug|Any CPU
		{29F80EB9-64DD-4C4B-8E97-AB4220B94643}.Debug|Any CPU.Build.0 = Debug|Any CPU
		{29F80EB9-64DD-4C4B-8E97-AB4220B94643}.Debug|x64.ActiveCfg = Debug|Any CPU
		{29F80EB9-64DD-4C4B-8E97-AB4220B94643}.Debug|x64.Build.0 = Debug|Any CPU
		{29F80EB9-64DD-4C4B-8E97-AB4220B94643}.Debug|x86.ActiveCfg = Debug|Any CPU
		{29F80EB9-64DD-4C4B-8E97-AB4220B94643}.Debug|x86.Build.0 = Debug|Any CPU
		{29F80EB9-64DD-4C4B-8E97-AB4220B94643}.Release|Any CPU.ActiveCfg = Release|Any CPU
		{29F80EB9-64DD-4C4B-8E97-AB4220B94643}.Release|Any CPU.Build.0 = Release|Any CPU
		{29F80EB9-64DD-4C4B-8E97-AB4220B94643}.Release|x64.ActiveCfg = Release|Any CPU
		{29F80EB9-64DD-4C4B-8E97-AB4220B94643}.Release|x64.Build.0 = Release|Any CPU
		{29F80EB9-64DD-4C4B-8E97-AB4220B94643}.Release|x86.ActiveCfg = Release|Any CPU
		{29F80EB9-64DD-4C4B-8E97-AB4220B94643}.Release|x86.Build.0 = Release|Any CPU
		{55F484C7-4B4A-437E-92B3-3DCE5FC28C04}.Debug|Any CPU.ActiveCfg = Debug|Any CPU
		{55F484C7-4B4A-437E-92B3-3DCE5FC28C04}.Debug|Any CPU.Build.0 = Debug|Any CPU
		{55F484C7-4B4A-437E-92B3-3DCE5FC28C04}.Debug|x64.ActiveCfg = Debug|Any CPU
		{55F484C7-4B4A-437E-92B3-3DCE5FC28C04}.Debug|x64.Build.0 = Debug|Any CPU
		{55F484C7-4B4A-437E-92B3-3DCE5FC28C04}.Debug|x86.ActiveCfg = Debug|Any CPU
		{55F484C7-4B4A-437E-92B3-3DCE5FC28C04}.Debug|x86.Build.0 = Debug|Any CPU
		{55F484C7-4B4A-437E-92B3-3DCE5FC28C04}.Release|Any CPU.ActiveCfg = Release|Any CPU
		{55F484C7-4B4A-437E-92B3-3DCE5FC28C04}.Release|Any CPU.Build.0 = Release|Any CPU
		{55F484C7-4B4A-437E-92B3-3DCE5FC28C04}.Release|x64.ActiveCfg = Release|Any CPU
		{55F484C7-4B4A-437E-92B3-3DCE5FC28C04}.Release|x64.Build.0 = Release|Any CPU
		{55F484C7-4B4A-437E-92B3-3DCE5FC28C04}.Release|x86.ActiveCfg = Release|Any CPU
		{55F484C7-4B4A-437E-92B3-3DCE5FC28C04}.Release|x86.Build.0 = Release|Any CPU
		{9DD56684-1227-4855-B8F0-140927D142E1}.Debug|Any CPU.ActiveCfg = Debug|Any CPU
		{9DD56684-1227-4855-B8F0-140927D142E1}.Debug|Any CPU.Build.0 = Debug|Any CPU
		{9DD56684-1227-4855-B8F0-140927D142E1}.Debug|x64.ActiveCfg = Debug|Any CPU
		{9DD56684-1227-4855-B8F0-140927D142E1}.Debug|x64.Build.0 = Debug|Any CPU
		{9DD56684-1227-4855-B8F0-140927D142E1}.Debug|x86.ActiveCfg = Debug|Any CPU
		{9DD56684-1227-4855-B8F0-140927D142E1}.Debug|x86.Build.0 = Debug|Any CPU
		{9DD56684-1227-4855-B8F0-140927D142E1}.Release|Any CPU.ActiveCfg = Release|Any CPU
		{9DD56684-1227-4855-B8F0-140927D142E1}.Release|Any CPU.Build.0 = Release|Any CPU
		{9DD56684-1227-4855-B8F0-140927D142E1}.Release|x64.ActiveCfg = Release|Any CPU
		{9DD56684-1227-4855-B8F0-140927D142E1}.Release|x64.Build.0 = Release|Any CPU
		{9DD56684-1227-4855-B8F0-140927D142E1}.Release|x86.ActiveCfg = Release|Any CPU
		{9DD56684-1227-4855-B8F0-140927D142E1}.Release|x86.Build.0 = Release|Any CPU
		{7E30397A-AC50-4A9C-B128-DC401B9E45AA}.Debug|Any CPU.ActiveCfg = Debug|Any CPU
		{7E30397A-AC50-4A9C-B128-DC401B9E45AA}.Debug|Any CPU.Build.0 = Debug|Any CPU
		{7E30397A-AC50-4A9C-B128-DC401B9E45AA}.Debug|x64.ActiveCfg = Debug|Any CPU
		{7E30397A-AC50-4A9C-B128-DC401B9E45AA}.Debug|x64.Build.0 = Debug|Any CPU
		{7E30397A-AC50-4A9C-B128-DC401B9E45AA}.Debug|x86.ActiveCfg = Debug|Any CPU
		{7E30397A-AC50-4A9C-B128-DC401B9E45AA}.Debug|x86.Build.0 = Debug|Any CPU
		{7E30397A-AC50-4A9C-B128-DC401B9E45AA}.Release|Any CPU.ActiveCfg = Release|Any CPU
		{7E30397A-AC50-4A9C-B128-DC401B9E45AA}.Release|Any CPU.Build.0 = Release|Any CPU
		{7E30397A-AC50-4A9C-B128-DC401B9E45AA}.Release|x64.ActiveCfg = Release|Any CPU
		{7E30397A-AC50-4A9C-B128-DC401B9E45AA}.Release|x64.Build.0 = Release|Any CPU
		{7E30397A-AC50-4A9C-B128-DC401B9E45AA}.Release|x86.ActiveCfg = Release|Any CPU
		{7E30397A-AC50-4A9C-B128-DC401B9E45AA}.Release|x86.Build.0 = Release|Any CPU
		{1B713230-389F-4E1D-AEE7-3ECDED21B90A}.Debug|Any CPU.ActiveCfg = Debug|Any CPU
		{1B713230-389F-4E1D-AEE7-3ECDED21B90A}.Debug|Any CPU.Build.0 = Debug|Any CPU
		{1B713230-389F-4E1D-AEE7-3ECDED21B90A}.Debug|x64.ActiveCfg = Debug|Any CPU
		{1B713230-389F-4E1D-AEE7-3ECDED21B90A}.Debug|x64.Build.0 = Debug|Any CPU
		{1B713230-389F-4E1D-AEE7-3ECDED21B90A}.Debug|x86.ActiveCfg = Debug|Any CPU
		{1B713230-389F-4E1D-AEE7-3ECDED21B90A}.Debug|x86.Build.0 = Debug|Any CPU
		{1B713230-389F-4E1D-AEE7-3ECDED21B90A}.Release|Any CPU.ActiveCfg = Release|Any CPU
		{1B713230-389F-4E1D-AEE7-3ECDED21B90A}.Release|Any CPU.Build.0 = Release|Any CPU
		{1B713230-389F-4E1D-AEE7-3ECDED21B90A}.Release|x64.ActiveCfg = Release|Any CPU
		{1B713230-389F-4E1D-AEE7-3ECDED21B90A}.Release|x64.Build.0 = Release|Any CPU
		{1B713230-389F-4E1D-AEE7-3ECDED21B90A}.Release|x86.ActiveCfg = Release|Any CPU
		{1B713230-389F-4E1D-AEE7-3ECDED21B90A}.Release|x86.Build.0 = Release|Any CPU
	EndGlobalSection
	GlobalSection(SolutionProperties) = preSolution
		HideSolutionNode = FALSE
	EndGlobalSection
	GlobalSection(NestedProjects) = preSolution
		{1C394038-5839-4F20-8691-75F5AD674165} = {BC936FA7-E548-4571-8645-CBD6009A025F}
		{EA33A99B-68C8-4F95-81C8-20E950E85C26} = {BC936FA7-E548-4571-8645-CBD6009A025F}
		{49D47063-750B-42EB-9254-FE968B2EF803} = {BC936FA7-E548-4571-8645-CBD6009A025F}
		{C09C9727-8FB9-4B77-B809-354ABACBB6AC} = {BC936FA7-E548-4571-8645-CBD6009A025F}
		{6D2A6079-AFC4-456E-B81E-FD432F79C681} = {BC936FA7-E548-4571-8645-CBD6009A025F}
		{07625B1E-FDEE-445E-BA05-1CCFD857B5AB} = {49D47063-750B-42EB-9254-FE968B2EF803}
		{BE17A6BC-50FE-4A05-8B0D-30425A0F0224} = {6D2A6079-AFC4-456E-B81E-FD432F79C681}
		{29F80EB9-64DD-4C4B-8E97-AB4220B94643} = {EA33A99B-68C8-4F95-81C8-20E950E85C26}
		{55F484C7-4B4A-437E-92B3-3DCE5FC28C04} = {C09C9727-8FB9-4B77-B809-354ABACBB6AC}
		{9DD56684-1227-4855-B8F0-140927D142E1} = {1C394038-5839-4F20-8691-75F5AD674165}
		{7E30397A-AC50-4A9C-B128-DC401B9E45AA} = {2C6264F1-19E1-4136-A157-368339EDEF34}
		{1B713230-389F-4E1D-AEE7-3ECDED21B90A} = {02EA681E-C7D8-13C7-8484-4AC65E1B71E8}
		{02EA681E-C7D8-13C7-8484-4AC65E1B71E8} = {BC936FA7-E548-4571-8645-CBD6009A025F}
		{2C6264F1-19E1-4136-A157-368339EDEF34} = {BC936FA7-E548-4571-8645-CBD6009A025F}
	EndGlobalSection
	GlobalSection(ExtensibilityGlobals) = postSolution
		SolutionGuid = {3D4BB97A-FFE4-4023-B133-563743DEC95A}
	EndGlobalSection
EndGlobal
